// !$*UTF8*$!
{
	archiveVersion = 1;
	classes = {
	};
	objectVersion = 56;
	objects = {

/* Begin PBXBuildFile section */
		CD31E3402C2177D3002F95C5 /* ToDoApp.swift in Sources */ = {isa = PBXBuildFile; fileRef = CD31E33F2C2177D3002F95C5 /* ToDoApp.swift */; };
		CD31E3422C2177D3002F95C5 /* MainView.swift in Sources */ = {isa = PBXBuildFile; fileRef = CD31E3412C2177D3002F95C5 /* MainView.swift */; };
		CD31E3522C217A52002F95C5 /* FirebaseAuth in Frameworks */ = {isa = PBXBuildFile; productRef = CD31E3512C217A52002F95C5 /* FirebaseAuth */; };
		CD31E3542C217A52002F95C5 /* FirebaseFirestore in Frameworks */ = {isa = PBXBuildFile; productRef = CD31E3532C217A52002F95C5 /* FirebaseFirestore */; };
		CD31E3562C217A52002F95C5 /* FirebaseFirestoreSwift in Frameworks */ = {isa = PBXBuildFile; productRef = CD31E3552C217A52002F95C5 /* FirebaseFirestoreSwift */; };
		CD31E35D2C218EA3002F95C5 /* ProfileView.swift in Sources */ = {isa = PBXBuildFile; fileRef = CD31E35C2C218EA3002F95C5 /* ProfileView.swift */; };
		CD31E35F2C218EB8002F95C5 /* ToDoListView.swift in Sources */ = {isa = PBXBuildFile; fileRef = CD31E35E2C218EB8002F95C5 /* ToDoListView.swift */; };
		CD31E3612C218EE6002F95C5 /* NewItemView.swift in Sources */ = {isa = PBXBuildFile; fileRef = CD31E3602C218EE6002F95C5 /* NewItemView.swift */; };
		CD31E3632C218EF6002F95C5 /* LoginView.swift in Sources */ = {isa = PBXBuildFile; fileRef = CD31E3622C218EF6002F95C5 /* LoginView.swift */; };
		CD31E3652C218EFE002F95C5 /* RegisterView.swift in Sources */ = {isa = PBXBuildFile; fileRef = CD31E3642C218EFE002F95C5 /* RegisterView.swift */; };
		CD31E3672C218F13002F95C5 /* ToDoListItemView.swift in Sources */ = {isa = PBXBuildFile; fileRef = CD31E3662C218F13002F95C5 /* ToDoListItemView.swift */; };
		CD31E3692C218F29002F95C5 /* UserModel.swift in Sources */ = {isa = PBXBuildFile; fileRef = CD31E3682C218F29002F95C5 /* UserModel.swift */; };
		CD31E36B2C218F36002F95C5 /* ToDoListItemModel.swift in Sources */ = {isa = PBXBuildFile; fileRef = CD31E36A2C218F36002F95C5 /* ToDoListItemModel.swift */; };
		CD31E36D2C218F4B002F95C5 /* MainViewViewModel.swift in Sources */ = {isa = PBXBuildFile; fileRef = CD31E36C2C218F4B002F95C5 /* MainViewViewModel.swift */; };
		CD31E36F2C218F57002F95C5 /* ProfileViewViewModel.swift in Sources */ = {isa = PBXBuildFile; fileRef = CD31E36E2C218F57002F95C5 /* ProfileViewViewModel.swift */; };
		CD31E3712C218F65002F95C5 /* ToDoListViewViewModel.swift in Sources */ = {isa = PBXBuildFile; fileRef = CD31E3702C218F65002F95C5 /* ToDoListViewViewModel.swift */; };
		CD31E3732C218F72002F95C5 /* NewItemViewViewModel.swift in Sources */ = {isa = PBXBuildFile; fileRef = CD31E3722C218F72002F95C5 /* NewItemViewViewModel.swift */; };
		CD31E3752C218F92002F95C5 /* LoginViewViewModel.swift in Sources */ = {isa = PBXBuildFile; fileRef = CD31E3742C218F92002F95C5 /* LoginViewViewModel.swift */; };
		CD31E3772C218FA4002F95C5 /* RegisterViewViewModel.swift in Sources */ = {isa = PBXBuildFile; fileRef = CD31E3762C218FA4002F95C5 /* RegisterViewViewModel.swift */; };
		CD31E3792C218FB9002F95C5 /* ToDoListItemViewViewModel.swift in Sources */ = {isa = PBXBuildFile; fileRef = CD31E3782C218FB9002F95C5 /* ToDoListItemViewViewModel.swift */; };
		CDE95D222C21961F0074B66C /* Assets.xcassets in Resources */ = {isa = PBXBuildFile; fileRef = CD31E3432C2177D3002F95C5 /* Assets.xcassets */; };
		CDE95D232C2196240074B66C /* Preview Assets.xcassets in Resources */ = {isa = PBXBuildFile; fileRef = CD31E3462C2177D3002F95C5 /* Preview Assets.xcassets */; };
		CDE95D2D2C2198F40074B66C /* GoogleService-Info.plist in Resources */ = {isa = PBXBuildFile; fileRef = CDE95D2C2C2198F40074B66C /* GoogleService-Info.plist */; };
		CDE95D2F2C219D5F0074B66C /* HeaderView.swift in Sources */ = {isa = PBXBuildFile; fileRef = CDE95D2E2C219D5F0074B66C /* HeaderView.swift */; };
		CDE95D312C21A8CF0074B66C /* TLButton.swift in Sources */ = {isa = PBXBuildFile; fileRef = CDE95D302C21A8CF0074B66C /* TLButton.swift */; };
/* End PBXBuildFile section */

/* Begin PBXCopyFilesBuildPhase section */
		CDE95D242C2196750074B66C /* CopyFiles */ = {
			isa = PBXCopyFilesBuildPhase;
			buildActionMask = 12;
			dstPath = "";
			dstSubfolderSpec = 7;
			files = (
			);
			runOnlyForDeploymentPostprocessing = 0;
		};
/* End PBXCopyFilesBuildPhase section */

/* Begin PBXFileReference section */
		CD31E33C2C2177D3002F95C5 /* ToDo.app */ = {isa = PBXFileReference; explicitFileType = wrapper.application; includeInIndex = 0; path = ToDo.app; sourceTree = BUILT_PRODUCTS_DIR; };
		CD31E33F2C2177D3002F95C5 /* ToDoApp.swift */ = {isa = PBXFileReference; lastKnownFileType = sourcecode.swift; path = ToDoApp.swift; sourceTree = "<group>"; };
		CD31E3412C2177D3002F95C5 /* MainView.swift */ = {isa = PBXFileReference; lastKnownFileType = sourcecode.swift; path = MainView.swift; sourceTree = "<group>"; };
		CD31E3432C2177D3002F95C5 /* Assets.xcassets */ = {isa = PBXFileReference; lastKnownFileType = folder.assetcatalog; path = Assets.xcassets; sourceTree = "<group>"; };
		CD31E3462C2177D3002F95C5 /* Preview Assets.xcassets */ = {isa = PBXFileReference; lastKnownFileType = folder.assetcatalog; path = "Preview Assets.xcassets"; sourceTree = "<group>"; };
		CD31E35C2C218EA3002F95C5 /* ProfileView.swift */ = {isa = PBXFileReference; lastKnownFileType = sourcecode.swift; path = ProfileView.swift; sourceTree = "<group>"; };
		CD31E35E2C218EB8002F95C5 /* ToDoListView.swift */ = {isa = PBXFileReference; lastKnownFileType = sourcecode.swift; path = ToDoListView.swift; sourceTree = "<group>"; };
		CD31E3602C218EE6002F95C5 /* NewItemView.swift */ = {isa = PBXFileReference; lastKnownFileType = sourcecode.swift; path = NewItemView.swift; sourceTree = "<group>"; };
		CD31E3622C218EF6002F95C5 /* LoginView.swift */ = {isa = PBXFileReference; lastKnownFileType = sourcecode.swift; path = LoginView.swift; sourceTree = "<group>"; };
		CD31E3642C218EFE002F95C5 /* RegisterView.swift */ = {isa = PBXFileReference; lastKnownFileType = sourcecode.swift; path = RegisterView.swift; sourceTree = "<group>"; };
		CD31E3662C218F13002F95C5 /* ToDoListItemView.swift */ = {isa = PBXFileReference; lastKnownFileType = sourcecode.swift; path = ToDoListItemView.swift; sourceTree = "<group>"; };
		CD31E3682C218F29002F95C5 /* UserModel.swift */ = {isa = PBXFileReference; lastKnownFileType = sourcecode.swift; path = UserModel.swift; sourceTree = "<group>"; };
		CD31E36A2C218F36002F95C5 /* ToDoListItemModel.swift */ = {isa = PBXFileReference; lastKnownFileType = sourcecode.swift; path = ToDoListItemModel.swift; sourceTree = "<group>"; };
		CD31E36C2C218F4B002F95C5 /* MainViewViewModel.swift */ = {isa = PBXFileReference; lastKnownFileType = sourcecode.swift; path = MainViewViewModel.swift; sourceTree = "<group>"; };
		CD31E36E2C218F57002F95C5 /* ProfileViewViewModel.swift */ = {isa = PBXFileReference; lastKnownFileType = sourcecode.swift; path = ProfileViewViewModel.swift; sourceTree = "<group>"; };
		CD31E3702C218F65002F95C5 /* ToDoListViewViewModel.swift */ = {isa = PBXFileReference; lastKnownFileType = sourcecode.swift; path = ToDoListViewViewModel.swift; sourceTree = "<group>"; };
		CD31E3722C218F72002F95C5 /* NewItemViewViewModel.swift */ = {isa = PBXFileReference; lastKnownFileType = sourcecode.swift; path = NewItemViewViewModel.swift; sourceTree = "<group>"; };
		CD31E3742C218F92002F95C5 /* LoginViewViewModel.swift */ = {isa = PBXFileReference; lastKnownFileType = sourcecode.swift; path = LoginViewViewModel.swift; sourceTree = "<group>"; };
		CD31E3762C218FA4002F95C5 /* RegisterViewViewModel.swift */ = {isa = PBXFileReference; lastKnownFileType = sourcecode.swift; path = RegisterViewViewModel.swift; sourceTree = "<group>"; };
		CD31E3782C218FB9002F95C5 /* ToDoListItemViewViewModel.swift */ = {isa = PBXFileReference; lastKnownFileType = sourcecode.swift; path = ToDoListItemViewViewModel.swift; sourceTree = "<group>"; };
		CDE95D2C2C2198F40074B66C /* GoogleService-Info.plist */ = {isa = PBXFileReference; fileEncoding = 4; lastKnownFileType = text.plist.xml; path = "GoogleService-Info.plist"; sourceTree = "<group>"; };
		CDE95D2E2C219D5F0074B66C /* HeaderView.swift */ = {isa = PBXFileReference; lastKnownFileType = sourcecode.swift; path = HeaderView.swift; sourceTree = "<group>"; };
		CDE95D302C21A8CF0074B66C /* TLButton.swift */ = {isa = PBXFileReference; lastKnownFileType = sourcecode.swift; path = TLButton.swift; sourceTree = "<group>"; };
/* End PBXFileReference section */

/* Begin PBXFrameworksBuildPhase section */
		CD31E3392C2177D3002F95C5 /* Frameworks */ = {
			isa = PBXFrameworksBuildPhase;
			buildActionMask = 2147483647;
			files = (
				CD31E3522C217A52002F95C5 /* FirebaseAuth in Frameworks */,
				CD31E3542C217A52002F95C5 /* FirebaseFirestore in Frameworks */,
				CD31E3562C217A52002F95C5 /* FirebaseFirestoreSwift in Frameworks */,
			);
			runOnlyForDeploymentPostprocessing = 0;
		};
/* End PBXFrameworksBuildPhase section */

/* Begin PBXGroup section */
		CD31E3332C2177D3002F95C5 = {
			isa = PBXGroup;
			children = (
				CD31E33E2C2177D3002F95C5 /* ToDo */,
				CD31E33D2C2177D3002F95C5 /* Products */,
			);
			sourceTree = "<group>";
		};
		CD31E33D2C2177D3002F95C5 /* Products */ = {
			isa = PBXGroup;
			children = (
				CD31E33C2C2177D3002F95C5 /* ToDo.app */,
			);
			name = Products;
			sourceTree = "<group>";
		};
		CD31E33E2C2177D3002F95C5 /* ToDo */ = {
			isa = PBXGroup;
			children = (
				CD31E35B2C218C41002F95C5 /* Others */,
				CD31E35A2C218C39002F95C5 /* Models */,
				CD31E3592C218C27002F95C5 /* ViewModel */,
				CD31E3582C218C20002F95C5 /* Views */,
				CD31E3452C2177D3002F95C5 /* Preview Content */,
			);
			path = ToDo;
			sourceTree = "<group>";
		};
		CD31E3452C2177D3002F95C5 /* Preview Content */ = {
			isa = PBXGroup;
			children = (
				CD31E3462C2177D3002F95C5 /* Preview Assets.xcassets */,
			);
			path = "Preview Content";
			sourceTree = "<group>";
		};
		CD31E3582C218C20002F95C5 /* Views */ = {
			isa = PBXGroup;
			children = (
				CD31E3412C2177D3002F95C5 /* MainView.swift */,
				CD31E35C2C218EA3002F95C5 /* ProfileView.swift */,
				CD31E35E2C218EB8002F95C5 /* ToDoListView.swift */,
				CD31E3602C218EE6002F95C5 /* NewItemView.swift */,
				CD31E3622C218EF6002F95C5 /* LoginView.swift */,
				CD31E3642C218EFE002F95C5 /* RegisterView.swift */,
				CD31E3662C218F13002F95C5 /* ToDoListItemView.swift */,
				CDE95D2E2C219D5F0074B66C /* HeaderView.swift */,
				CDE95D302C21A8CF0074B66C /* TLButton.swift */,
			);
			path = Views;
			sourceTree = "<group>";
		};
		CD31E3592C218C27002F95C5 /* ViewModel */ = {
			isa = PBXGroup;
			children = (
				CD31E36C2C218F4B002F95C5 /* MainViewViewModel.swift */,
				CD31E36E2C218F57002F95C5 /* ProfileViewViewModel.swift */,
				CD31E3702C218F65002F95C5 /* ToDoListViewViewModel.swift */,
				CD31E3722C218F72002F95C5 /* NewItemViewViewModel.swift */,
				CD31E3742C218F92002F95C5 /* LoginViewViewModel.swift */,
				CD31E3762C218FA4002F95C5 /* RegisterViewViewModel.swift */,
				CD31E3782C218FB9002F95C5 /* ToDoListItemViewViewModel.swift */,
			);
			path = ViewModel;
			sourceTree = "<group>";
		};
		CD31E35A2C218C39002F95C5 /* Models */ = {
			isa = PBXGroup;
			children = (
				CD31E3682C218F29002F95C5 /* UserModel.swift */,
				CD31E36A2C218F36002F95C5 /* ToDoListItemModel.swift */,
			);
			path = Models;
			sourceTree = "<group>";
		};
		CD31E35B2C218C41002F95C5 /* Others */ = {
			isa = PBXGroup;
			children = (
				CDE95D2C2C2198F40074B66C /* GoogleService-Info.plist */,
				CD31E33F2C2177D3002F95C5 /* ToDoApp.swift */,
				CD31E3432C2177D3002F95C5 /* Assets.xcassets */,
			);
			path = Others;
			sourceTree = "<group>";
		};
/* End PBXGroup section */

/* Begin PBXNativeTarget section */
		CD31E33B2C2177D3002F95C5 /* ToDo */ = {
			isa = PBXNativeTarget;
			buildConfigurationList = CD31E34A2C2177D3002F95C5 /* Build configuration list for PBXNativeTarget "ToDo" */;
			buildPhases = (
				CD31E3382C2177D3002F95C5 /* Sources */,
				CD31E3392C2177D3002F95C5 /* Frameworks */,
				CDE95D202C2196150074B66C /* Resources */,
				CDE95D242C2196750074B66C /* CopyFiles */,
			);
			buildRules = (
			);
			dependencies = (
			);
			name = ToDo;
			packageProductDependencies = (
				CD31E3512C217A52002F95C5 /* FirebaseAuth */,
				CD31E3532C217A52002F95C5 /* FirebaseFirestore */,
				CD31E3552C217A52002F95C5 /* FirebaseFirestoreSwift */,
			);
			productName = ToDo;
			productReference = CD31E33C2C2177D3002F95C5 /* ToDo.app */;
			productType = "com.apple.product-type.application";
		};
/* End PBXNativeTarget section */

/* Begin PBXProject section */
		CD31E3342C2177D3002F95C5 /* Project object */ = {
			isa = PBXProject;
			attributes = {
				BuildIndependentTargetsInParallel = 1;
				LastSwiftUpdateCheck = 1430;
				LastUpgradeCheck = 1430;
				TargetAttributes = {
					CD31E33B2C2177D3002F95C5 = {
						CreatedOnToolsVersion = 14.3.1;
					};
				};
			};
			buildConfigurationList = CD31E3372C2177D3002F95C5 /* Build configuration list for PBXProject "ToDo" */;
			compatibilityVersion = "Xcode 14.0";
			developmentRegion = en;
			hasScannedForEncodings = 0;
			knownRegions = (
				en,
				Base,
			);
			mainGroup = CD31E3332C2177D3002F95C5;
			packageReferences = (
				CD31E3502C217A52002F95C5 /* XCRemoteSwiftPackageReference "firebase-ios-sdk" */,
			);
			productRefGroup = CD31E33D2C2177D3002F95C5 /* Products */;
			projectDirPath = "";
			projectRoot = "";
			targets = (
				CD31E33B2C2177D3002F95C5 /* ToDo */,
			);
		};
/* End PBXProject section */

/* Begin PBXResourcesBuildPhase section */
		CDE95D202C2196150074B66C /* Resources */ = {
			isa = PBXResourcesBuildPhase;
			buildActionMask = 2147483647;
			files = (
				CDE95D232C2196240074B66C /* Preview Assets.xcassets in Resources */,
				CDE95D222C21961F0074B66C /* Assets.xcassets in Resources */,
				CDE95D2D2C2198F40074B66C /* GoogleService-Info.plist in Resources */,
			);
			runOnlyForDeploymentPostprocessing = 0;
		};
/* End PBXResourcesBuildPhase section */

/* Begin PBXSourcesBuildPhase section */
		CD31E3382C2177D3002F95C5 /* Sources */ = {
			isa = PBXSourcesBuildPhase;
			buildActionMask = 2147483647;
			files = (
				CD31E36B2C218F36002F95C5 /* ToDoListItemModel.swift in Sources */,
				CDE95D2F2C219D5F0074B66C /* HeaderView.swift in Sources */,
				CD31E3632C218EF6002F95C5 /* LoginView.swift in Sources */,
				CD31E3772C218FA4002F95C5 /* RegisterViewViewModel.swift in Sources */,
				CD31E36D2C218F4B002F95C5 /* MainViewViewModel.swift in Sources */,
				CD31E3422C2177D3002F95C5 /* MainView.swift in Sources */,
				CD31E35D2C218EA3002F95C5 /* ProfileView.swift in Sources */,
				CDE95D312C21A8CF0074B66C /* TLButton.swift in Sources */,
				CD31E36F2C218F57002F95C5 /* ProfileViewViewModel.swift in Sources */,
				CD31E3652C218EFE002F95C5 /* RegisterView.swift in Sources */,
				CD31E35F2C218EB8002F95C5 /* ToDoListView.swift in Sources */,
				CD31E3672C218F13002F95C5 /* ToDoListItemView.swift in Sources */,
				CD31E3712C218F65002F95C5 /* ToDoListViewViewModel.swift in Sources */,
				CD31E3752C218F92002F95C5 /* LoginViewViewModel.swift in Sources */,
				CD31E3402C2177D3002F95C5 /* ToDoApp.swift in Sources */,
				CD31E3692C218F29002F95C5 /* UserModel.swift in Sources */,
				CD31E3612C218EE6002F95C5 /* NewItemView.swift in Sources */,
				CD31E3732C218F72002F95C5 /* NewItemViewViewModel.swift in Sources */,
				CD31E3792C218FB9002F95C5 /* ToDoListItemViewViewModel.swift in Sources */,
			);
			runOnlyForDeploymentPostprocessing = 0;
		};
/* End PBXSourcesBuildPhase section */

/* Begin XCBuildConfiguration section */
		CD31E3482C2177D3002F95C5 /* Debug */ = {
			isa = XCBuildConfiguration;
			buildSettings = {
				ALWAYS_SEARCH_USER_PATHS = NO;
				CLANG_ANALYZER_NONNULL = YES;
				CLANG_ANALYZER_NUMBER_OBJECT_CONVERSION = YES_AGGRESSIVE;
				CLANG_CXX_LANGUAGE_STANDARD = "gnu++20";
				CLANG_ENABLE_MODULES = YES;
				CLANG_ENABLE_OBJC_ARC = YES;
				CLANG_ENABLE_OBJC_WEAK = YES;
				CLANG_WARN_BLOCK_CAPTURE_AUTORELEASING = YES;
				CLANG_WARN_BOOL_CONVERSION = YES;
				CLANG_WARN_COMMA = YES;
				CLANG_WARN_CONSTANT_CONVERSION = YES;
				CLANG_WARN_DEPRECATED_OBJC_IMPLEMENTATIONS = YES;
				CLANG_WARN_DIRECT_OBJC_ISA_USAGE = YES_ERROR;
				CLANG_WARN_DOCUMENTATION_COMMENTS = YES;
				CLANG_WARN_EMPTY_BODY = YES;
				CLANG_WARN_ENUM_CONVERSION = YES;
				CLANG_WARN_INFINITE_RECURSION = YES;
				CLANG_WARN_INT_CONVERSION = YES;
				CLANG_WARN_NON_LITERAL_NULL_CONVERSION = YES;
				CLANG_WARN_OBJC_IMPLICIT_RETAIN_SELF = YES;
				CLANG_WARN_OBJC_LITERAL_CONVERSION = YES;
				CLANG_WARN_OBJC_ROOT_CLASS = YES_ERROR;
				CLANG_WARN_QUOTED_INCLUDE_IN_FRAMEWORK_HEADER = YES;
				CLANG_WARN_RANGE_LOOP_ANALYSIS = YES;
				CLANG_WARN_STRICT_PROTOTYPES = YES;
				CLANG_WARN_SUSPICIOUS_MOVE = YES;
				CLANG_WARN_UNGUARDED_AVAILABILITY = YES_AGGRESSIVE;
				CLANG_WARN_UNREACHABLE_CODE = YES;
				CLANG_WARN__DUPLICATE_METHOD_MATCH = YES;
				COPY_PHASE_STRIP = NO;
				DEBUG_INFORMATION_FORMAT = dwarf;
				ENABLE_STRICT_OBJC_MSGSEND = YES;
				ENABLE_TESTABILITY = YES;
				GCC_C_LANGUAGE_STANDARD = gnu11;
				GCC_DYNAMIC_NO_PIC = NO;
				GCC_NO_COMMON_BLOCKS = YES;
				GCC_OPTIMIZATION_LEVEL = 0;
				GCC_PREPROCESSOR_DEFINITIONS = (
					"DEBUG=1",
					"$(inherited)",
				);
				GCC_WARN_64_TO_32_BIT_CONVERSION = YES;
				GCC_WARN_ABOUT_RETURN_TYPE = YES_ERROR;
				GCC_WARN_UNDECLARED_SELECTOR = YES;
				GCC_WARN_UNINITIALIZED_AUTOS = YES_AGGRESSIVE;
				GCC_WARN_UNUSED_FUNCTION = YES;
				GCC_WARN_UNUSED_VARIABLE = YES;
				IPHONEOS_DEPLOYMENT_TARGET = 16.4;
				MTL_ENABLE_DEBUG_INFO = INCLUDE_SOURCE;
				MTL_FAST_MATH = YES;
				ONLY_ACTIVE_ARCH = YES;
				SDKROOT = iphoneos;
				SWIFT_ACTIVE_COMPILATION_CONDITIONS = DEBUG;
				SWIFT_OPTIMIZATION_LEVEL = "-Onone";
			};
			name = Debug;
		};
		CD31E3492C2177D3002F95C5 /* Release */ = {
			isa = XCBuildConfiguration;
			buildSettings = {
				ALWAYS_SEARCH_USER_PATHS = NO;
				CLANG_ANALYZER_NONNULL = YES;
				CLANG_ANALYZER_NUMBER_OBJECT_CONVERSION = YES_AGGRESSIVE;
				CLANG_CXX_LANGUAGE_STANDARD = "gnu++20";
				CLANG_ENABLE_MODULES = YES;
				CLANG_ENABLE_OBJC_ARC = YES;
				CLANG_ENABLE_OBJC_WEAK = YES;
				CLANG_WARN_BLOCK_CAPTURE_AUTORELEASING = YES;
				CLANG_WARN_BOOL_CONVERSION = YES;
				CLANG_WARN_COMMA = YES;
				CLANG_WARN_CONSTANT_CONVERSION = YES;
				CLANG_WARN_DEPRECATED_OBJC_IMPLEMENTATIONS = YES;
				CLANG_WARN_DIRECT_OBJC_ISA_USAGE = YES_ERROR;
				CLANG_WARN_DOCUMENTATION_COMMENTS = YES;
				CLANG_WARN_EMPTY_BODY = YES;
				CLANG_WARN_ENUM_CONVERSION = YES;
				CLANG_WARN_INFINITE_RECURSION = YES;
				CLANG_WARN_INT_CONVERSION = YES;
				CLANG_WARN_NON_LITERAL_NULL_CONVERSION = YES;
				CLANG_WARN_OBJC_IMPLICIT_RETAIN_SELF = YES;
				CLANG_WARN_OBJC_LITERAL_CONVERSION = YES;
				CLANG_WARN_OBJC_ROOT_CLASS = YES_ERROR;
				CLANG_WARN_QUOTED_INCLUDE_IN_FRAMEWORK_HEADER = YES;
				CLANG_WARN_RANGE_LOOP_ANALYSIS = YES;
				CLANG_WARN_STRICT_PROTOTYPES = YES;
				CLANG_WARN_SUSPICIOUS_MOVE = YES;
				CLANG_WARN_UNGUARDED_AVAILABILITY = YES_AGGRESSIVE;
				CLANG_WARN_UNREACHABLE_CODE = YES;
				CLANG_WARN__DUPLICATE_METHOD_MATCH = YES;
				COPY_PHASE_STRIP = NO;
				DEBUG_INFORMATION_FORMAT = "dwarf-with-dsym";
				ENABLE_NS_ASSERTIONS = NO;
				ENABLE_STRICT_OBJC_MSGSEND = YES;
				GCC_C_LANGUAGE_STANDARD = gnu11;
				GCC_NO_COMMON_BLOCKS = YES;
				GCC_WARN_64_TO_32_BIT_CONVERSION = YES;
				GCC_WARN_ABOUT_RETURN_TYPE = YES_ERROR;
				GCC_WARN_UNDECLARED_SELECTOR = YES;
				GCC_WARN_UNINITIALIZED_AUTOS = YES_AGGRESSIVE;
				GCC_WARN_UNUSED_FUNCTION = YES;
				GCC_WARN_UNUSED_VARIABLE = YES;
				IPHONEOS_DEPLOYMENT_TARGET = 16.4;
				MTL_ENABLE_DEBUG_INFO = NO;
				MTL_FAST_MATH = YES;
				SDKROOT = iphoneos;
				SWIFT_COMPILATION_MODE = wholemodule;
				SWIFT_OPTIMIZATION_LEVEL = "-O";
				VALIDATE_PRODUCT = YES;
			};
			name = Release;
		};
		CD31E34B2C2177D3002F95C5 /* Debug */ = {
			isa = XCBuildConfiguration;
			buildSettings = {
				ASSETCATALOG_COMPILER_APPICON_NAME = AppIcon;
				ASSETCATALOG_COMPILER_GLOBAL_ACCENT_COLOR_NAME = AccentColor;
				CODE_SIGN_STYLE = Automatic;
				CURRENT_PROJECT_VERSION = 1;
				DEVELOPMENT_ASSET_PATHS = "\"ToDo/Preview Content\"";
				ENABLE_PREVIEWS = YES;
				GENERATE_INFOPLIST_FILE = YES;
				INFOPLIST_KEY_CFBundleDisplayName = "ToDo List";
				INFOPLIST_KEY_UIApplicationSceneManifest_Generation = YES;
				INFOPLIST_KEY_UIApplicationSupportsIndirectInputEvents = YES;
				INFOPLIST_KEY_UILaunchScreen_Generation = YES;
				INFOPLIST_KEY_UISupportedInterfaceOrientations = UIInterfaceOrientationPortrait;
				LD_RUNPATH_SEARCH_PATHS = (
					"$(inherited)",
					"@executable_path/Frameworks",
				);
				MARKETING_VERSION = 1.0;
				PRODUCT_BUNDLE_IDENTIFIER = com.kellton.ToDo;
				PRODUCT_NAME = "$(TARGET_NAME)";
				SWIFT_EMIT_LOC_STRINGS = YES;
				SWIFT_VERSION = 5.0;
				TARGETED_DEVICE_FAMILY = "1,2";
			};
			name = Debug;
		};
		CD31E34C2C2177D3002F95C5 /* Release */ = {
			isa = XCBuildConfiguration;
			buildSettings = {
				ASSETCATALOG_COMPILER_APPICON_NAME = AppIcon;
				ASSETCATALOG_COMPILER_GLOBAL_ACCENT_COLOR_NAME = AccentColor;
				CODE_SIGN_STYLE = Automatic;
				CURRENT_PROJECT_VERSION = 1;
				DEVELOPMENT_ASSET_PATHS = "\"ToDo/Preview Content\"";
				ENABLE_PREVIEWS = YES;
				GENERATE_INFOPLIST_FILE = YES;
				INFOPLIST_KEY_CFBundleDisplayName = "ToDo List";
				INFOPLIST_KEY_UIApplicationSceneManifest_Generation = YES;
				INFOPLIST_KEY_UIApplicationSupportsIndirectInputEvents = YES;
				INFOPLIST_KEY_UILaunchScreen_Generation = YES;
				INFOPLIST_KEY_UISupportedInterfaceOrientations = UIInterfaceOrientationPortrait;
				LD_RUNPATH_SEARCH_PATHS = (
					"$(inherited)",
					"@executable_path/Frameworks",
				);
				MARKETING_VERSION = 1.0;
				PRODUCT_BUNDLE_IDENTIFIER = com.kellton.ToDo;
				PRODUCT_NAME = "$(TARGET_NAME)";
				SWIFT_EMIT_LOC_STRINGS = YES;
				SWIFT_VERSION = 5.0;
				TARGETED_DEVICE_FAMILY = "1,2";
			};
			name = Release;
		};
/* End XCBuildConfiguration section */

/* Begin XCConfigurationList section */
		CD31E3372C2177D3002F95C5 /* Build configuration list for PBXProject "ToDo" */ = {
			isa = XCConfigurationList;
			buildConfigurations = (
				CD31E3482C2177D3002F95C5 /* Debug */,
				CD31E3492C2177D3002F95C5 /* Release */,
			);
			defaultConfigurationIsVisible = 0;
			defaultConfigurationName = Release;
		};
		CD31E34A2C2177D3002F95C5 /* Build configuration list for PBXNativeTarget "ToDo" */ = {
			isa = XCConfigurationList;
			buildConfigurations = (
				CD31E34B2C2177D3002F95C5 /* Debug */,
				CD31E34C2C2177D3002F95C5 /* Release */,
			);
			defaultConfigurationIsVisible = 0;
			defaultConfigurationName = Release;
		};
/* End XCConfigurationList section */

/* Begin XCRemoteSwiftPackageReference section */
		CD31E3502C217A52002F95C5 /* XCRemoteSwiftPackageReference "firebase-ios-sdk" */ = {
			isa = XCRemoteSwiftPackageReference;
			repositoryURL = "https://github.com/firebase/firebase-ios-sdk";
			requirement = {
				kind = upToNextMajorVersion;
				minimumVersion = 10.0.0;
			};
		};
/* End XCRemoteSwiftPackageReference section */

/* Begin XCSwiftPackageProductDependency section */
		CD31E3512C217A52002F95C5 /* FirebaseAuth */ = {
			isa = XCSwiftPackageProductDependency;
			package = CD31E3502C217A52002F95C5 /* XCRemoteSwiftPackageReference "firebase-ios-sdk" */;
			productName = FirebaseAuth;
		};
		CD31E3532C217A52002F95C5 /* FirebaseFirestore */ = {
			isa = XCSwiftPackageProductDependency;
			package = CD31E3502C217A52002F95C5 /* XCRemoteSwiftPackageReference "firebase-ios-sdk" */;
			productName = FirebaseFirestore;
		};
		CD31E3552C217A52002F95C5 /* FirebaseFirestoreSwift */ = {
			isa = XCSwiftPackageProductDependency;
			package = CD31E3502C217A52002F95C5 /* XCRemoteSwiftPackageReference "firebase-ios-sdk" */;
			productName = FirebaseFirestoreSwift;
		};
/* End XCSwiftPackageProductDependency section */
	};
	rootObject = CD31E3342C2177D3002F95C5 /* Project object */;
}
